// !$*UTF8*$!
{
	archiveVersion = 1;
	classes = {
	};
	objectVersion = 55;
	objects = {

/* Begin PBXBuildFile section */
		821D9EF027AD568B007D611E /* SwiftUIMoonShotApp.swift in Sources */ = {isa = PBXBuildFile; fileRef = 821D9EEF27AD568B007D611E /* SwiftUIMoonShotApp.swift */; };
		821D9EF227AD568B007D611E /* ContentView.swift in Sources */ = {isa = PBXBuildFile; fileRef = 821D9EF127AD568B007D611E /* ContentView.swift */; };
		821D9EF427AD568B007D611E /* Assets.xcassets in Resources */ = {isa = PBXBuildFile; fileRef = 821D9EF327AD568B007D611E /* Assets.xcassets */; };
		821D9EF727AD568B007D611E /* Preview Assets.xcassets in Resources */ = {isa = PBXBuildFile; fileRef = 821D9EF627AD568B007D611E /* Preview Assets.xcassets */; };
		821D9EFE27B1468E007D611E /* astronauts.json in Resources */ = {isa = PBXBuildFile; fileRef = 821D9EFD27B1468E007D611E /* astronauts.json */; };
		821D9F0027B14696007D611E /* missions.json in Resources */ = {isa = PBXBuildFile; fileRef = 821D9EFF27B14696007D611E /* missions.json */; };
		821D9F0227B1471A007D611E /* Astronaut.swift in Sources */ = {isa = PBXBuildFile; fileRef = 821D9F0127B1471A007D611E /* Astronaut.swift */; };
		821D9F0427B14766007D611E /* Bundle-Decodable.swift in Sources */ = {isa = PBXBuildFile; fileRef = 821D9F0327B14766007D611E /* Bundle-Decodable.swift */; };
		821D9F0627B156C2007D611E /* Mission.swift in Sources */ = {isa = PBXBuildFile; fileRef = 821D9F0527B156C2007D611E /* Mission.swift */; };
		821D9F0827B1714B007D611E /* Color-Theme.swift in Sources */ = {isa = PBXBuildFile; fileRef = 821D9F0727B1714B007D611E /* Color-Theme.swift */; };
		821D9F0A27B1A462007D611E /* MissionView.swift in Sources */ = {isa = PBXBuildFile; fileRef = 821D9F0927B1A462007D611E /* MissionView.swift */; };
/* End PBXBuildFile section */

/* Begin PBXFileReference section */
		821D9EEC27AD568B007D611E /* SwiftUIMoonShot.app */ = {isa = PBXFileReference; explicitFileType = wrapper.application; includeInIndex = 0; path = SwiftUIMoonShot.app; sourceTree = BUILT_PRODUCTS_DIR; };
		821D9EEF27AD568B007D611E /* SwiftUIMoonShotApp.swift */ = {isa = PBXFileReference; lastKnownFileType = sourcecode.swift; path = SwiftUIMoonShotApp.swift; sourceTree = "<group>"; };
		821D9EF127AD568B007D611E /* ContentView.swift */ = {isa = PBXFileReference; lastKnownFileType = sourcecode.swift; path = ContentView.swift; sourceTree = "<group>"; };
		821D9EF327AD568B007D611E /* Assets.xcassets */ = {isa = PBXFileReference; lastKnownFileType = folder.assetcatalog; path = Assets.xcassets; sourceTree = "<group>"; };
		821D9EF627AD568B007D611E /* Preview Assets.xcassets */ = {isa = PBXFileReference; lastKnownFileType = folder.assetcatalog; path = "Preview Assets.xcassets"; sourceTree = "<group>"; };
		821D9EFD27B1468E007D611E /* astronauts.json */ = {isa = PBXFileReference; fileEncoding = 4; lastKnownFileType = text.json; path = astronauts.json; sourceTree = "<group>"; };
		821D9EFF27B14696007D611E /* missions.json */ = {isa = PBXFileReference; fileEncoding = 4; lastKnownFileType = text.json; path = missions.json; sourceTree = "<group>"; };
		821D9F0127B1471A007D611E /* Astronaut.swift */ = {isa = PBXFileReference; lastKnownFileType = sourcecode.swift; path = Astronaut.swift; sourceTree = "<group>"; };
		821D9F0327B14766007D611E /* Bundle-Decodable.swift */ = {isa = PBXFileReference; lastKnownFileType = sourcecode.swift; path = "Bundle-Decodable.swift"; sourceTree = "<group>"; };
		821D9F0527B156C2007D611E /* Mission.swift */ = {isa = PBXFileReference; lastKnownFileType = sourcecode.swift; path = Mission.swift; sourceTree = "<group>"; };
		821D9F0727B1714B007D611E /* Color-Theme.swift */ = {isa = PBXFileReference; lastKnownFileType = sourcecode.swift; path = "Color-Theme.swift"; sourceTree = "<group>"; };
		821D9F0927B1A462007D611E /* MissionView.swift */ = {isa = PBXFileReference; lastKnownFileType = sourcecode.swift; path = MissionView.swift; sourceTree = "<group>"; };
/* End PBXFileReference section */

/* Begin PBXFrameworksBuildPhase section */
		821D9EE927AD568B007D611E /* Frameworks */ = {
			isa = PBXFrameworksBuildPhase;
			buildActionMask = 2147483647;
			files = (
			);
			runOnlyForDeploymentPostprocessing = 0;
		};
/* End PBXFrameworksBuildPhase section */

/* Begin PBXGroup section */
		821D9EE327AD568B007D611E = {
			isa = PBXGroup;
			children = (
				821D9EEE27AD568B007D611E /* SwiftUIMoonShot */,
				821D9EED27AD568B007D611E /* Products */,
			);
			sourceTree = "<group>";
		};
		821D9EED27AD568B007D611E /* Products */ = {
			isa = PBXGroup;
			children = (
				821D9EEC27AD568B007D611E /* SwiftUIMoonShot.app */,
			);
			name = Products;
			sourceTree = "<group>";
		};
		821D9EEE27AD568B007D611E /* SwiftUIMoonShot */ = {
			isa = PBXGroup;
			children = (
				821D9EEF27AD568B007D611E /* SwiftUIMoonShotApp.swift */,
				821D9EFD27B1468E007D611E /* astronauts.json */,
				821D9F0127B1471A007D611E /* Astronaut.swift */,
				821D9F0327B14766007D611E /* Bundle-Decodable.swift */,
				821D9F0527B156C2007D611E /* Mission.swift */,
				821D9EF127AD568B007D611E /* ContentView.swift */,
				821D9F0927B1A462007D611E /* MissionView.swift */,
				821D9F0727B1714B007D611E /* Color-Theme.swift */,
				821D9EFF27B14696007D611E /* missions.json */,
				821D9EF327AD568B007D611E /* Assets.xcassets */,
				821D9EF527AD568B007D611E /* Preview Content */,
			);
			path = SwiftUIMoonShot;
			sourceTree = "<group>";
		};
		821D9EF527AD568B007D611E /* Preview Content */ = {
			isa = PBXGroup;
			children = (
				821D9EF627AD568B007D611E /* Preview Assets.xcassets */,
			);
			path = "Preview Content";
			sourceTree = "<group>";
		};
/* End PBXGroup section */

/* Begin PBXNativeTarget section */
		821D9EEB27AD568B007D611E /* SwiftUIMoonShot */ = {
			isa = PBXNativeTarget;
			buildConfigurationList = 821D9EFA27AD568B007D611E /* Build configuration list for PBXNativeTarget "SwiftUIMoonShot" */;
			buildPhases = (
				821D9EE827AD568B007D611E /* Sources */,
				821D9EE927AD568B007D611E /* Frameworks */,
				821D9EEA27AD568B007D611E /* Resources */,
			);
			buildRules = (
			);
			dependencies = (
			);
			name = SwiftUIMoonShot;
			productName = SwiftUIMoonShot;
			productReference = 821D9EEC27AD568B007D611E /* SwiftUIMoonShot.app */;
			productType = "com.apple.product-type.application";
		};
/* End PBXNativeTarget section */

/* Begin PBXProject section */
		821D9EE427AD568B007D611E /* Project object */ = {
			isa = PBXProject;
			attributes = {
				BuildIndependentTargetsInParallel = 1;
				LastSwiftUpdateCheck = 1320;
				LastUpgradeCheck = 1320;
				TargetAttributes = {
					821D9EEB27AD568B007D611E = {
						CreatedOnToolsVersion = 13.2.1;
					};
				};
			};
			buildConfigurationList = 821D9EE727AD568B007D611E /* Build configuration list for PBXProject "SwiftUIMoonShot" */;
			compatibilityVersion = "Xcode 13.0";
			developmentRegion = en;
			hasScannedForEncodings = 0;
			knownRegions = (
				en,
				Base,
			);
			mainGroup = 821D9EE327AD568B007D611E;
			productRefGroup = 821D9EED27AD568B007D611E /* Products */;
			projectDirPath = "";
			projectRoot = "";
			targets = (
				821D9EEB27AD568B007D611E /* SwiftUIMoonShot */,
			);
		};
/* End PBXProject section */

/* Begin PBXResourcesBuildPhase section */
		821D9EEA27AD568B007D611E /* Resources */ = {
			isa = PBXResourcesBuildPhase;
			buildActionMask = 2147483647;
			files = (
				821D9EFE27B1468E007D611E /* astronauts.json in Resources */,
				821D9EF727AD568B007D611E /* Preview Assets.xcassets in Resources */,
				821D9F0027B14696007D611E /* missions.json in Resources */,
				821D9EF427AD568B007D611E /* Assets.xcassets in Resources */,
			);
			runOnlyForDeploymentPostprocessing = 0;
		};
/* End PBXResourcesBuildPhase section */

/* Begin PBXSourcesBuildPhase section */
		821D9EE827AD568B007D611E /* Sources */ = {
			isa = PBXSourcesBuildPhase;
			buildActionMask = 2147483647;
			files = (
				821D9F0A27B1A462007D611E /* MissionView.swift in Sources */,
				821D9F0227B1471A007D611E /* Astronaut.swift in Sources */,
				821D9F0827B1714B007D611E /* Color-Theme.swift in Sources */,
				821D9EF227AD568B007D611E /* ContentView.swift in Sources */,
				821D9EF027AD568B007D611E /* SwiftUIMoonShotApp.swift in Sources */,
				821D9F0627B156C2007D611E /* Mission.swift in Sources */,
				821D9F0427B14766007D611E /* Bundle-Decodable.swift in Sources */,
			);
			runOnlyForDeploymentPostprocessing = 0;
		};
/* End PBXSourcesBuildPhase section */

/* Begin XCBuildConfiguration section */
		821D9EF827AD568B007D611E /* Debug */ = {
			isa = XCBuildConfiguration;
			buildSettings = {
				ALWAYS_SEARCH_USER_PATHS = NO;
				CLANG_ANALYZER_NONNULL = YES;
				CLANG_ANALYZER_NUMBER_OBJECT_CONVERSION = YES_AGGRESSIVE;
				CLANG_CXX_LANGUAGE_STANDARD = "gnu++17";
				CLANG_CXX_LIBRARY = "libc++";
				CLANG_ENABLE_MODULES = YES;
				CLANG_ENABLE_OBJC_ARC = YES;
				CLANG_ENABLE_OBJC_WEAK = YES;
				CLANG_WARN_BLOCK_CAPTURE_AUTORELEASING = YES;
				CLANG_WARN_BOOL_CONVERSION = YES;
				CLANG_WARN_COMMA = YES;
				CLANG_WARN_CONSTANT_CONVERSION = YES;
				CLANG_WARN_DEPRECATED_OBJC_IMPLEMENTATIONS = YES;
				CLANG_WARN_DIRECT_OBJC_ISA_USAGE = YES_ERROR;
				CLANG_WARN_DOCUMENTATION_COMMENTS = YES;
				CLANG_WARN_EMPTY_BODY = YES;
				CLANG_WARN_ENUM_CONVERSION = YES;
				CLANG_WARN_INFINITE_RECURSION = YES;
				CLANG_WARN_INT_CONVERSION = YES;
				CLANG_WARN_NON_LITERAL_NULL_CONVERSION = YES;
				CLANG_WARN_OBJC_IMPLICIT_RETAIN_SELF = YES;
				CLANG_WARN_OBJC_LITERAL_CONVERSION = YES;
				CLANG_WARN_OBJC_ROOT_CLASS = YES_ERROR;
				CLANG_WARN_QUOTED_INCLUDE_IN_FRAMEWORK_HEADER = YES;
				CLANG_WARN_RANGE_LOOP_ANALYSIS = YES;
				CLANG_WARN_STRICT_PROTOTYPES = YES;
				CLANG_WARN_SUSPICIOUS_MOVE = YES;
				CLANG_WARN_UNGUARDED_AVAILABILITY = YES_AGGRESSIVE;
				CLANG_WARN_UNREACHABLE_CODE = YES;
				CLANG_WARN__DUPLICATE_METHOD_MATCH = YES;
				COPY_PHASE_STRIP = NO;
				DEBUG_INFORMATION_FORMAT = dwarf;
				ENABLE_STRICT_OBJC_MSGSEND = YES;
				ENABLE_TESTABILITY = YES;
				GCC_C_LANGUAGE_STANDARD = gnu11;
				GCC_DYNAMIC_NO_PIC = NO;
				GCC_NO_COMMON_BLOCKS = YES;
				GCC_OPTIMIZATION_LEVEL = 0;
				GCC_PREPROCESSOR_DEFINITIONS = (
					"DEBUG=1",
					"$(inherited)",
				);
				GCC_WARN_64_TO_32_BIT_CONVERSION = YES;
				GCC_WARN_ABOUT_RETURN_TYPE = YES_ERROR;
				GCC_WARN_UNDECLARED_SELECTOR = YES;
				GCC_WARN_UNINITIALIZED_AUTOS = YES_AGGRESSIVE;
				GCC_WARN_UNUSED_FUNCTION = YES;
				GCC_WARN_UNUSED_VARIABLE = YES;
				IPHONEOS_DEPLOYMENT_TARGET = 15.2;
				MTL_ENABLE_DEBUG_INFO = INCLUDE_SOURCE;
				MTL_FAST_MATH = YES;
				ONLY_ACTIVE_ARCH = YES;
				SDKROOT = iphoneos;
				SWIFT_ACTIVE_COMPILATION_CONDITIONS = DEBUG;
				SWIFT_OPTIMIZATION_LEVEL = "-Onone";
			};
			name = Debug;
		};
		821D9EF927AD568B007D611E /* Release */ = {
			isa = XCBuildConfiguration;
			buildSettings = {
				ALWAYS_SEARCH_USER_PATHS = NO;
				CLANG_ANALYZER_NONNULL = YES;
				CLANG_ANALYZER_NUMBER_OBJECT_CONVERSION = YES_AGGRESSIVE;
				CLANG_CXX_LANGUAGE_STANDARD = "gnu++17";
				CLANG_CXX_LIBRARY = "libc++";
				CLANG_ENABLE_MODULES = YES;
				CLANG_ENABLE_OBJC_ARC = YES;
				CLANG_ENABLE_OBJC_WEAK = YES;
				CLANG_WARN_BLOCK_CAPTURE_AUTORELEASING = YES;
				CLANG_WARN_BOOL_CONVERSION = YES;
				CLANG_WARN_COMMA = YES;
				CLANG_WARN_CONSTANT_CONVERSION = YES;
				CLANG_WARN_DEPRECATED_OBJC_IMPLEMENTATIONS = YES;
				CLANG_WARN_DIRECT_OBJC_ISA_USAGE = YES_ERROR;
				CLANG_WARN_DOCUMENTATION_COMMENTS = YES;
				CLANG_WARN_EMPTY_BODY = YES;
				CLANG_WARN_ENUM_CONVERSION = YES;
				CLANG_WARN_INFINITE_RECURSION = YES;
				CLANG_WARN_INT_CONVERSION = YES;
				CLANG_WARN_NON_LITERAL_NULL_CONVERSION = YES;
				CLANG_WARN_OBJC_IMPLICIT_RETAIN_SELF = YES;
				CLANG_WARN_OBJC_LITERAL_CONVERSION = YES;
				CLANG_WARN_OBJC_ROOT_CLASS = YES_ERROR;
				CLANG_WARN_QUOTED_INCLUDE_IN_FRAMEWORK_HEADER = YES;
				CLANG_WARN_RANGE_LOOP_ANALYSIS = YES;
				CLANG_WARN_STRICT_PROTOTYPES = YES;
				CLANG_WARN_SUSPICIOUS_MOVE = YES;
				CLANG_WARN_UNGUARDED_AVAILABILITY = YES_AGGRESSIVE;
				CLANG_WARN_UNREACHABLE_CODE = YES;
				CLANG_WARN__DUPLICATE_METHOD_MATCH = YES;
				COPY_PHASE_STRIP = NO;
				DEBUG_INFORMATION_FORMAT = "dwarf-with-dsym";
				ENABLE_NS_ASSERTIONS = NO;
				ENABLE_STRICT_OBJC_MSGSEND = YES;
				GCC_C_LANGUAGE_STANDARD = gnu11;
				GCC_NO_COMMON_BLOCKS = YES;
				GCC_WARN_64_TO_32_BIT_CONVERSION = YES;
				GCC_WARN_ABOUT_RETURN_TYPE = YES_ERROR;
				GCC_WARN_UNDECLARED_SELECTOR = YES;
				GCC_WARN_UNINITIALIZED_AUTOS = YES_AGGRESSIVE;
				GCC_WARN_UNUSED_FUNCTION = YES;
				GCC_WARN_UNUSED_VARIABLE = YES;
				IPHONEOS_DEPLOYMENT_TARGET = 15.2;
				MTL_ENABLE_DEBUG_INFO = NO;
				MTL_FAST_MATH = YES;
				SDKROOT = iphoneos;
				SWIFT_COMPILATION_MODE = wholemodule;
				SWIFT_OPTIMIZATION_LEVEL = "-O";
				VALIDATE_PRODUCT = YES;
			};
			name = Release;
		};
		821D9EFB27AD568B007D611E /* Debug */ = {
			isa = XCBuildConfiguration;
			buildSettings = {
				ASSETCATALOG_COMPILER_APPICON_NAME = AppIcon;
				ASSETCATALOG_COMPILER_GLOBAL_ACCENT_COLOR_NAME = AccentColor;
				CODE_SIGN_STYLE = Automatic;
				CURRENT_PROJECT_VERSION = 1;
				DEVELOPMENT_ASSET_PATHS = "\"SwiftUIMoonShot/Preview Content\"";
				DEVELOPMENT_TEAM = UMQAGMF379;
				ENABLE_PREVIEWS = YES;
				GENERATE_INFOPLIST_FILE = YES;
				INFOPLIST_KEY_UIApplicationSceneManifest_Generation = YES;
				INFOPLIST_KEY_UIApplicationSupportsIndirectInputEvents = YES;
				INFOPLIST_KEY_UILaunchScreen_Generation = YES;
				INFOPLIST_KEY_UISupportedInterfaceOrientations_iPad = "UIInterfaceOrientationPortrait UIInterfaceOrientationPortraitUpsideDown UIInterfaceOrientationLandscapeLeft UIInterfaceOrientationLandscapeRight";
				INFOPLIST_KEY_UISupportedInterfaceOrientations_iPhone = "UIInterfaceOrientationPortrait UIInterfaceOrientationLandscapeLeft UIInterfaceOrientationLandscapeRight";
				LD_RUNPATH_SEARCH_PATHS = (
					"$(inherited)",
					"@executable_path/Frameworks",
				);
				MARKETING_VERSION = 1.0;
				PRODUCT_BUNDLE_IDENTIFIER = com.IssapTechnologies.SwiftUIMoonShot;
				PRODUCT_NAME = "$(TARGET_NAME)";
				SWIFT_EMIT_LOC_STRINGS = YES;
				SWIFT_VERSION = 5.0;
				TARGETED_DEVICE_FAMILY = "1,2";
			};
			name = Debug;
		};
		821D9EFC27AD568B007D611E /* Release */ = {
			isa = XCBuildConfiguration;
			buildSettings = {
				ASSETCATALOG_COMPILER_APPICON_NAME = AppIcon;
				ASSETCATALOG_COMPILER_GLOBAL_ACCENT_COLOR_NAME = AccentColor;
				CODE_SIGN_STYLE = Automatic;
				CURRENT_PROJECT_VERSION = 1;
				DEVELOPMENT_ASSET_PATHS = "\"SwiftUIMoonShot/Preview Content\"";
				DEVELOPMENT_TEAM = UMQAGMF379;
				ENABLE_PREVIEWS = YES;
				GENERATE_INFOPLIST_FILE = YES;
				INFOPLIST_KEY_UIApplicationSceneManifest_Generation = YES;
				INFOPLIST_KEY_UIApplicationSupportsIndirectInputEvents = YES;
				INFOPLIST_KEY_UILaunchScreen_Generation = YES;
				INFOPLIST_KEY_UISupportedInterfaceOrientations_iPad = "UIInterfaceOrientationPortrait UIInterfaceOrientationPortraitUpsideDown UIInterfaceOrientationLandscapeLeft UIInterfaceOrientationLandscapeRight";
				INFOPLIST_KEY_UISupportedInterfaceOrientations_iPhone = "UIInterfaceOrientationPortrait UIInterfaceOrientationLandscapeLeft UIInterfaceOrientationLandscapeRight";
				LD_RUNPATH_SEARCH_PATHS = (
					"$(inherited)",
					"@executable_path/Frameworks",
				);
				MARKETING_VERSION = 1.0;
				PRODUCT_BUNDLE_IDENTIFIER = com.IssapTechnologies.SwiftUIMoonShot;
				PRODUCT_NAME = "$(TARGET_NAME)";
				SWIFT_EMIT_LOC_STRINGS = YES;
				SWIFT_VERSION = 5.0;
				TARGETED_DEVICE_FAMILY = "1,2";
			};
			name = Release;
		};
/* End XCBuildConfiguration section */

/* Begin XCConfigurationList section */
		821D9EE727AD568B007D611E /* Build configuration list for PBXProject "SwiftUIMoonShot" */ = {
			isa = XCConfigurationList;
			buildConfigurations = (
				821D9EF827AD568B007D611E /* Debug */,
				821D9EF927AD568B007D611E /* Release */,
			);
			defaultConfigurationIsVisible = 0;
			defaultConfigurationName = Release;
		};
		821D9EFA27AD568B007D611E /* Build configuration list for PBXNativeTarget "SwiftUIMoonShot" */ = {
			isa = XCConfigurationList;
			buildConfigurations = (
				821D9EFB27AD568B007D611E /* Debug */,
				821D9EFC27AD568B007D611E /* Release */,
			);
			defaultConfigurationIsVisible = 0;
			defaultConfigurationName = Release;
		};
/* End XCConfigurationList section */
	};
	rootObject = 821D9EE427AD568B007D611E /* Project object */;
}
